# This file is generated by running "yarn install" inside your project.
# Manual changes might be lost - proceed with caution!

__metadata:
  version: 8
  cacheKey: 10c0

"@biomejs/biome@npm:^1.6.1":
  version: 1.6.1
  resolution: "@biomejs/biome@npm:1.6.1"
  dependencies:
    "@biomejs/cli-darwin-arm64": "npm:1.6.1"
    "@biomejs/cli-darwin-x64": "npm:1.6.1"
    "@biomejs/cli-linux-arm64": "npm:1.6.1"
    "@biomejs/cli-linux-arm64-musl": "npm:1.6.1"
    "@biomejs/cli-linux-x64": "npm:1.6.1"
    "@biomejs/cli-linux-x64-musl": "npm:1.6.1"
    "@biomejs/cli-win32-arm64": "npm:1.6.1"
    "@biomejs/cli-win32-x64": "npm:1.6.1"
  dependenciesMeta:
    "@biomejs/cli-darwin-arm64":
      optional: true
    "@biomejs/cli-darwin-x64":
      optional: true
    "@biomejs/cli-linux-arm64":
      optional: true
    "@biomejs/cli-linux-arm64-musl":
      optional: true
    "@biomejs/cli-linux-x64":
      optional: true
    "@biomejs/cli-linux-x64-musl":
      optional: true
    "@biomejs/cli-win32-arm64":
      optional: true
    "@biomejs/cli-win32-x64":
      optional: true
  bin:
    biome: bin/biome
  checksum: 10c0/789580c9aa7e0661a643e82de85f15bcc4ef0c79a099204f234b3769cface5c604b137260a4a60767ab3a692bd7ac19e2de1fc75537ec14e7698f0b6a133cfef
  languageName: node
  linkType: hard

"@biomejs/cli-darwin-arm64@npm:1.6.1":
  version: 1.6.1
  resolution: "@biomejs/cli-darwin-arm64@npm:1.6.1"
  conditions: os=darwin & cpu=arm64
  languageName: node
  linkType: hard

"@biomejs/cli-darwin-x64@npm:1.6.1":
  version: 1.6.1
  resolution: "@biomejs/cli-darwin-x64@npm:1.6.1"
  conditions: os=darwin & cpu=x64
  languageName: node
  linkType: hard

"@biomejs/cli-linux-arm64-musl@npm:1.6.1":
  version: 1.6.1
  resolution: "@biomejs/cli-linux-arm64-musl@npm:1.6.1"
  conditions: os=linux & cpu=arm64 & libc=musl
  languageName: node
  linkType: hard

"@biomejs/cli-linux-arm64@npm:1.6.1":
  version: 1.6.1
  resolution: "@biomejs/cli-linux-arm64@npm:1.6.1"
  conditions: os=linux & cpu=arm64 & libc=glibc
  languageName: node
  linkType: hard

"@biomejs/cli-linux-x64-musl@npm:1.6.1":
  version: 1.6.1
  resolution: "@biomejs/cli-linux-x64-musl@npm:1.6.1"
  conditions: os=linux & cpu=x64 & libc=musl
  languageName: node
  linkType: hard

"@biomejs/cli-linux-x64@npm:1.6.1":
  version: 1.6.1
  resolution: "@biomejs/cli-linux-x64@npm:1.6.1"
  conditions: os=linux & cpu=x64 & libc=glibc
  languageName: node
  linkType: hard

"@biomejs/cli-win32-arm64@npm:1.6.1":
  version: 1.6.1
  resolution: "@biomejs/cli-win32-arm64@npm:1.6.1"
  conditions: os=win32 & cpu=arm64
  languageName: node
  linkType: hard

"@biomejs/cli-win32-x64@npm:1.6.1":
  version: 1.6.1
  resolution: "@biomejs/cli-win32-x64@npm:1.6.1"
  conditions: os=win32 & cpu=x64
  languageName: node
  linkType: hard

"@cometjs/core@npm:^2.1.0":
  version: 2.3.2
  resolution: "@cometjs/core@npm:2.3.2"
  peerDependencies:
    typescript: ^4.5.0 || ^5.0.0
  peerDependenciesMeta:
    typescript:
      optional: true
  checksum: 10c0/5bdeff8576511b253463d2654612d449418ace314ba54480aeff66d53f4faef55713b6e14f51d6129cbff47607cc3b9456f7ae2f2889c1b7cb6ba26d13d6c72b
  languageName: node
  linkType: hard

"@esbuild/aix-ppc64@npm:0.19.12":
  version: 0.19.12
  resolution: "@esbuild/aix-ppc64@npm:0.19.12"
  conditions: os=aix & cpu=ppc64
  languageName: node
  linkType: hard

"@esbuild/android-arm64@npm:0.19.12":
  version: 0.19.12
  resolution: "@esbuild/android-arm64@npm:0.19.12"
  conditions: os=android & cpu=arm64
  languageName: node
  linkType: hard

"@esbuild/android-arm@npm:0.15.18":
  version: 0.15.18
  resolution: "@esbuild/android-arm@npm:0.15.18"
  conditions: os=android & cpu=arm
  languageName: node
  linkType: hard

"@esbuild/android-arm@npm:0.19.12":
  version: 0.19.12
  resolution: "@esbuild/android-arm@npm:0.19.12"
  conditions: os=android & cpu=arm
  languageName: node
  linkType: hard

"@esbuild/android-x64@npm:0.19.12":
  version: 0.19.12
  resolution: "@esbuild/android-x64@npm:0.19.12"
  conditions: os=android & cpu=x64
  languageName: node
  linkType: hard

"@esbuild/darwin-arm64@npm:0.19.12":
  version: 0.19.12
  resolution: "@esbuild/darwin-arm64@npm:0.19.12"
  conditions: os=darwin & cpu=arm64
  languageName: node
  linkType: hard

"@esbuild/darwin-x64@npm:0.19.12":
  version: 0.19.12
  resolution: "@esbuild/darwin-x64@npm:0.19.12"
  conditions: os=darwin & cpu=x64
  languageName: node
  linkType: hard

"@esbuild/freebsd-arm64@npm:0.19.12":
  version: 0.19.12
  resolution: "@esbuild/freebsd-arm64@npm:0.19.12"
  conditions: os=freebsd & cpu=arm64
  languageName: node
  linkType: hard

"@esbuild/freebsd-x64@npm:0.19.12":
  version: 0.19.12
  resolution: "@esbuild/freebsd-x64@npm:0.19.12"
  conditions: os=freebsd & cpu=x64
  languageName: node
  linkType: hard

"@esbuild/linux-arm64@npm:0.19.12":
  version: 0.19.12
  resolution: "@esbuild/linux-arm64@npm:0.19.12"
  conditions: os=linux & cpu=arm64
  languageName: node
  linkType: hard

"@esbuild/linux-arm@npm:0.19.12":
  version: 0.19.12
  resolution: "@esbuild/linux-arm@npm:0.19.12"
  conditions: os=linux & cpu=arm
  languageName: node
  linkType: hard

"@esbuild/linux-ia32@npm:0.19.12":
  version: 0.19.12
  resolution: "@esbuild/linux-ia32@npm:0.19.12"
  conditions: os=linux & cpu=ia32
  languageName: node
  linkType: hard

"@esbuild/linux-loong64@npm:0.15.18":
  version: 0.15.18
  resolution: "@esbuild/linux-loong64@npm:0.15.18"
  conditions: os=linux & cpu=loong64
  languageName: node
  linkType: hard

"@esbuild/linux-loong64@npm:0.19.12":
  version: 0.19.12
  resolution: "@esbuild/linux-loong64@npm:0.19.12"
  conditions: os=linux & cpu=loong64
  languageName: node
  linkType: hard

"@esbuild/linux-mips64el@npm:0.19.12":
  version: 0.19.12
  resolution: "@esbuild/linux-mips64el@npm:0.19.12"
  conditions: os=linux & cpu=mips64el
  languageName: node
  linkType: hard

"@esbuild/linux-ppc64@npm:0.19.12":
  version: 0.19.12
  resolution: "@esbuild/linux-ppc64@npm:0.19.12"
  conditions: os=linux & cpu=ppc64
  languageName: node
  linkType: hard

"@esbuild/linux-riscv64@npm:0.19.12":
  version: 0.19.12
  resolution: "@esbuild/linux-riscv64@npm:0.19.12"
  conditions: os=linux & cpu=riscv64
  languageName: node
  linkType: hard

"@esbuild/linux-s390x@npm:0.19.12":
  version: 0.19.12
  resolution: "@esbuild/linux-s390x@npm:0.19.12"
  conditions: os=linux & cpu=s390x
  languageName: node
  linkType: hard

"@esbuild/linux-x64@npm:0.19.12":
  version: 0.19.12
  resolution: "@esbuild/linux-x64@npm:0.19.12"
  conditions: os=linux & cpu=x64
  languageName: node
  linkType: hard

"@esbuild/netbsd-x64@npm:0.19.12":
  version: 0.19.12
  resolution: "@esbuild/netbsd-x64@npm:0.19.12"
  conditions: os=netbsd & cpu=x64
  languageName: node
  linkType: hard

"@esbuild/openbsd-x64@npm:0.19.12":
  version: 0.19.12
  resolution: "@esbuild/openbsd-x64@npm:0.19.12"
  conditions: os=openbsd & cpu=x64
  languageName: node
  linkType: hard

"@esbuild/sunos-x64@npm:0.19.12":
  version: 0.19.12
  resolution: "@esbuild/sunos-x64@npm:0.19.12"
  conditions: os=sunos & cpu=x64
  languageName: node
  linkType: hard

"@esbuild/win32-arm64@npm:0.19.12":
  version: 0.19.12
  resolution: "@esbuild/win32-arm64@npm:0.19.12"
  conditions: os=win32 & cpu=arm64
  languageName: node
  linkType: hard

"@esbuild/win32-ia32@npm:0.19.12":
  version: 0.19.12
  resolution: "@esbuild/win32-ia32@npm:0.19.12"
  conditions: os=win32 & cpu=ia32
  languageName: node
  linkType: hard

"@esbuild/win32-x64@npm:0.19.12":
  version: 0.19.12
  resolution: "@esbuild/win32-x64@npm:0.19.12"
  conditions: os=win32 & cpu=x64
  languageName: node
  linkType: hard

"@types/node@npm:^20.11.30":
  version: 20.11.30
  resolution: "@types/node@npm:20.11.30"
  dependencies:
    undici-types: "npm:~5.26.4"
  checksum: 10c0/867cfaf969c6d8850d8d7304e7ab739898a50ecb1395b61ff2335644f5f48d7a46fbc4a14cee967aed65ec134b61a746edae70d1f32f11321ccf29165e3bc4e6
  languageName: node
  linkType: hard

"browserslist@npm:^4.22.2":
  version: 4.23.0
  resolution: "browserslist@npm:4.23.0"
  dependencies:
    caniuse-lite: "npm:^1.0.30001587"
    electron-to-chromium: "npm:^1.4.668"
    node-releases: "npm:^2.0.14"
    update-browserslist-db: "npm:^1.0.13"
  bin:
    browserslist: cli.js
  checksum: 10c0/8e9cc154529062128d02a7af4d8adeead83ca1df8cd9ee65a88e2161039f3d68a4d40fea7353cab6bae4c16182dec2fdd9a1cf7dc2a2935498cee1af0e998943
  languageName: node
  linkType: hard

"caniuse-lite@npm:^1.0.30001587":
  version: 1.0.30001600
  resolution: "caniuse-lite@npm:1.0.30001600"
  checksum: 10c0/b4f764db5d4f8cb3eb2827a170a20e6b2f4b8c3d80169efcf56bf3d6b8b3e6dd1c740141f0d0b10b2233f49ee8b496e2d1e044a36c54750a106bad2f6477f2db
  languageName: node
  linkType: hard

"commander@npm:^12.0.0":
  version: 12.0.0
  resolution: "commander@npm:12.0.0"
  checksum: 10c0/e51cac1d1d0aa1f76581981d2256a9249497e08f5a370bf63b0dfc7e76a647fc8cbc3ddd507928f2bdca6c514c83834e87e2687ace2fe2fc7cc7e631bf80f83d
  languageName: node
  linkType: hard

"dart-generate-cli@workspace:.":
  version: 0.0.0-use.local
  resolution: "dart-generate-cli@workspace:."
  dependencies:
    "@biomejs/biome": "npm:^1.6.1"
    "@types/node": "npm:^20.11.30"
    commander: "npm:^12.0.0"
    nanobundle: "npm:^2.0.0"
    tsm: "npm:^2.3.0"
    typescript: "npm:^5.4.3"
  bin:
    dart-gen: ./dist/index.mjs
  languageName: unknown
  linkType: soft

"electron-to-chromium@npm:^1.4.668":
  version: 1.4.715
  resolution: "electron-to-chromium@npm:1.4.715"
  checksum: 10c0/6c49b7f3ad41b9f0ecd36cc564333d238a4b7ab51c4928d6e19f25d1e3d2aa9311428fb6e45f02823eb05792acc584513f7cea0dbd27b0758de5f21c2142126b
  languageName: node
  linkType: hard

"esbuild-android-64@npm:0.15.18":
  version: 0.15.18
  resolution: "esbuild-android-64@npm:0.15.18"
  conditions: os=android & cpu=x64
  languageName: node
  linkType: hard

"esbuild-android-arm64@npm:0.15.18":
  version: 0.15.18
  resolution: "esbuild-android-arm64@npm:0.15.18"
  conditions: os=android & cpu=arm64
  languageName: node
  linkType: hard

"esbuild-darwin-64@npm:0.15.18":
  version: 0.15.18
  resolution: "esbuild-darwin-64@npm:0.15.18"
  conditions: os=darwin & cpu=x64
  languageName: node
  linkType: hard

"esbuild-darwin-arm64@npm:0.15.18":
  version: 0.15.18
  resolution: "esbuild-darwin-arm64@npm:0.15.18"
  conditions: os=darwin & cpu=arm64
  languageName: node
  linkType: hard

"esbuild-freebsd-64@npm:0.15.18":
  version: 0.15.18
  resolution: "esbuild-freebsd-64@npm:0.15.18"
  conditions: os=freebsd & cpu=x64
  languageName: node
  linkType: hard

"esbuild-freebsd-arm64@npm:0.15.18":
  version: 0.15.18
  resolution: "esbuild-freebsd-arm64@npm:0.15.18"
  conditions: os=freebsd & cpu=arm64
  languageName: node
  linkType: hard

"esbuild-linux-32@npm:0.15.18":
  version: 0.15.18
  resolution: "esbuild-linux-32@npm:0.15.18"
  conditions: os=linux & cpu=ia32
  languageName: node
  linkType: hard

"esbuild-linux-64@npm:0.15.18":
  version: 0.15.18
  resolution: "esbuild-linux-64@npm:0.15.18"
  conditions: os=linux & cpu=x64
  languageName: node
  linkType: hard

"esbuild-linux-arm64@npm:0.15.18":
  version: 0.15.18
  resolution: "esbuild-linux-arm64@npm:0.15.18"
  conditions: os=linux & cpu=arm64
  languageName: node
  linkType: hard

"esbuild-linux-arm@npm:0.15.18":
  version: 0.15.18
  resolution: "esbuild-linux-arm@npm:0.15.18"
  conditions: os=linux & cpu=arm
  languageName: node
  linkType: hard

"esbuild-linux-mips64le@npm:0.15.18":
  version: 0.15.18
  resolution: "esbuild-linux-mips64le@npm:0.15.18"
  conditions: os=linux & cpu=mips64el
  languageName: node
  linkType: hard

"esbuild-linux-ppc64le@npm:0.15.18":
  version: 0.15.18
  resolution: "esbuild-linux-ppc64le@npm:0.15.18"
  conditions: os=linux & cpu=ppc64
  languageName: node
  linkType: hard

"esbuild-linux-riscv64@npm:0.15.18":
  version: 0.15.18
  resolution: "esbuild-linux-riscv64@npm:0.15.18"
  conditions: os=linux & cpu=riscv64
  languageName: node
  linkType: hard

"esbuild-linux-s390x@npm:0.15.18":
  version: 0.15.18
  resolution: "esbuild-linux-s390x@npm:0.15.18"
  conditions: os=linux & cpu=s390x
  languageName: node
  linkType: hard

"esbuild-netbsd-64@npm:0.15.18":
  version: 0.15.18
  resolution: "esbuild-netbsd-64@npm:0.15.18"
  conditions: os=netbsd & cpu=x64
  languageName: node
  linkType: hard

"esbuild-openbsd-64@npm:0.15.18":
  version: 0.15.18
  resolution: "esbuild-openbsd-64@npm:0.15.18"
  conditions: os=openbsd & cpu=x64
  languageName: node
  linkType: hard

"esbuild-sunos-64@npm:0.15.18":
  version: 0.15.18
  resolution: "esbuild-sunos-64@npm:0.15.18"
  conditions: os=sunos & cpu=x64
  languageName: node
  linkType: hard

"esbuild-windows-32@npm:0.15.18":
  version: 0.15.18
  resolution: "esbuild-windows-32@npm:0.15.18"
  conditions: os=win32 & cpu=ia32
  languageName: node
  linkType: hard

"esbuild-windows-64@npm:0.15.18":
  version: 0.15.18
  resolution: "esbuild-windows-64@npm:0.15.18"
  conditions: os=win32 & cpu=x64
  languageName: node
  linkType: hard

"esbuild-windows-arm64@npm:0.15.18":
  version: 0.15.18
  resolution: "esbuild-windows-arm64@npm:0.15.18"
  conditions: os=win32 & cpu=arm64
  languageName: node
  linkType: hard

"esbuild@npm:^0.15.16":
  version: 0.15.18
  resolution: "esbuild@npm:0.15.18"
  dependencies:
    "@esbuild/android-arm": "npm:0.15.18"
    "@esbuild/linux-loong64": "npm:0.15.18"
    esbuild-android-64: "npm:0.15.18"
    esbuild-android-arm64: "npm:0.15.18"
    esbuild-darwin-64: "npm:0.15.18"
    esbuild-darwin-arm64: "npm:0.15.18"
    esbuild-freebsd-64: "npm:0.15.18"
    esbuild-freebsd-arm64: "npm:0.15.18"
    esbuild-linux-32: "npm:0.15.18"
    esbuild-linux-64: "npm:0.15.18"
    esbuild-linux-arm: "npm:0.15.18"
    esbuild-linux-arm64: "npm:0.15.18"
    esbuild-linux-mips64le: "npm:0.15.18"
    esbuild-linux-ppc64le: "npm:0.15.18"
    esbuild-linux-riscv64: "npm:0.15.18"
    esbuild-linux-s390x: "npm:0.15.18"
    esbuild-netbsd-64: "npm:0.15.18"
    esbuild-openbsd-64: "npm:0.15.18"
    esbuild-sunos-64: "npm:0.15.18"
    esbuild-windows-32: "npm:0.15.18"
    esbuild-windows-64: "npm:0.15.18"
    esbuild-windows-arm64: "npm:0.15.18"
  dependenciesMeta:
    "@esbuild/android-arm":
      optional: true
    "@esbuild/linux-loong64":
      optional: true
    esbuild-android-64:
      optional: true
    esbuild-android-arm64:
      optional: true
    esbuild-darwin-64:
      optional: true
    esbuild-darwin-arm64:
      optional: true
    esbuild-freebsd-64:
      optional: true
    esbuild-freebsd-arm64:
      optional: true
    esbuild-linux-32:
      optional: true
    esbuild-linux-64:
      optional: true
    esbuild-linux-arm:
      optional: true
    esbuild-linux-arm64:
      optional: true
    esbuild-linux-mips64le:
      optional: true
    esbuild-linux-ppc64le:
      optional: true
    esbuild-linux-riscv64:
      optional: true
    esbuild-linux-s390x:
      optional: true
    esbuild-netbsd-64:
      optional: true
    esbuild-openbsd-64:
      optional: true
    esbuild-sunos-64:
      optional: true
    esbuild-windows-32:
      optional: true
    esbuild-windows-64:
      optional: true
    esbuild-windows-arm64:
      optional: true
  bin:
    esbuild: bin/esbuild
  checksum: 10c0/4eb13979ae2e52eab529b79a0f236e03d08a7bd90c46924d60af73ea4de32d819abf916d0fd7a12b4908f91297e1477739f3ea9c53a68fbcc47a08ab173c41b0
  languageName: node
  linkType: hard

"esbuild@npm:^0.19.0":
  version: 0.19.12
  resolution: "esbuild@npm:0.19.12"
  dependencies:
    "@esbuild/aix-ppc64": "npm:0.19.12"
    "@esbuild/android-arm": "npm:0.19.12"
    "@esbuild/android-arm64": "npm:0.19.12"
    "@esbuild/android-x64": "npm:0.19.12"
    "@esbuild/darwin-arm64": "npm:0.19.12"
    "@esbuild/darwin-x64": "npm:0.19.12"
    "@esbuild/freebsd-arm64": "npm:0.19.12"
    "@esbuild/freebsd-x64": "npm:0.19.12"
    "@esbuild/linux-arm": "npm:0.19.12"
    "@esbuild/linux-arm64": "npm:0.19.12"
    "@esbuild/linux-ia32": "npm:0.19.12"
    "@esbuild/linux-loong64": "npm:0.19.12"
    "@esbuild/linux-mips64el": "npm:0.19.12"
    "@esbuild/linux-ppc64": "npm:0.19.12"
    "@esbuild/linux-riscv64": "npm:0.19.12"
    "@esbuild/linux-s390x": "npm:0.19.12"
    "@esbuild/linux-x64": "npm:0.19.12"
    "@esbuild/netbsd-x64": "npm:0.19.12"
    "@esbuild/openbsd-x64": "npm:0.19.12"
    "@esbuild/sunos-x64": "npm:0.19.12"
    "@esbuild/win32-arm64": "npm:0.19.12"
    "@esbuild/win32-ia32": "npm:0.19.12"
    "@esbuild/win32-x64": "npm:0.19.12"
  dependenciesMeta:
    "@esbuild/aix-ppc64":
      optional: true
    "@esbuild/android-arm":
      optional: true
    "@esbuild/android-arm64":
      optional: true
    "@esbuild/android-x64":
      optional: true
    "@esbuild/darwin-arm64":
      optional: true
    "@esbuild/darwin-x64":
      optional: true
    "@esbuild/freebsd-arm64":
      optional: true
    "@esbuild/freebsd-x64":
      optional: true
    "@esbuild/linux-arm":
      optional: true
    "@esbuild/linux-arm64":
      optional: true
    "@esbuild/linux-ia32":
      optional: true
    "@esbuild/linux-loong64":
      optional: true
    "@esbuild/linux-mips64el":
      optional: true
    "@esbuild/linux-ppc64":
      optional: true
    "@esbuild/linux-riscv64":
      optional: true
    "@esbuild/linux-s390x":
      optional: true
    "@esbuild/linux-x64":
      optional: true
    "@esbuild/netbsd-x64":
      optional: true
    "@esbuild/openbsd-x64":
      optional: true
    "@esbuild/sunos-x64":
      optional: true
    "@esbuild/win32-arm64":
      optional: true
    "@esbuild/win32-ia32":
      optional: true
    "@esbuild/win32-x64":
      optional: true
  bin:
    esbuild: bin/esbuild
  checksum: 10c0/0f2d21ffe24ebead64843f87c3aebe2e703a5ed9feb086a0728b24907fac2eb9923e4a79857d3df9059c915739bd7a870dd667972eae325c67f478b592b8582d
  languageName: node
  linkType: hard

"escalade@npm:^3.1.1":
  version: 3.1.2
  resolution: "escalade@npm:3.1.2"
  checksum: 10c0/6b4adafecd0682f3aa1cd1106b8fff30e492c7015b178bc81b2d2f75106dabea6c6d6e8508fc491bd58e597c74abb0e8e2368f943ecb9393d4162e3c2f3cf287
  languageName: node
  linkType: hard

"kleur@npm:^4.1.5":
  version: 4.1.5
  resolution: "kleur@npm:4.1.5"
  checksum: 10c0/e9de6cb49657b6fa70ba2d1448fd3d691a5c4370d8f7bbf1c2f64c24d461270f2117e1b0afe8cb3114f13bbd8e51de158c2a224953960331904e636a5e4c0f2a
  languageName: node
  linkType: hard

"lru-cache@npm:^6.0.0":
  version: 6.0.0
  resolution: "lru-cache@npm:6.0.0"
  dependencies:
    yallist: "npm:^4.0.0"
  checksum: 10c0/cb53e582785c48187d7a188d3379c181b5ca2a9c78d2bce3e7dee36f32761d1c42983da3fe12b55cb74e1779fa94cdc2e5367c028a9b35317184ede0c07a30a9
  languageName: node
  linkType: hard

"meow@npm:^12.0.0":
  version: 12.1.1
  resolution: "meow@npm:12.1.1"
  checksum: 10c0/a125ca99a32e2306e2f4cbe651a0d27f6eb67918d43a075f6e80b35e9bf372ebf0fc3a9fbc201cbbc9516444b6265fb3c9f80c5b7ebd32f548aa93eb7c28e088
  languageName: node
  linkType: hard

"nanobundle@npm:^2.0.0":
  version: 2.0.0
  resolution: "nanobundle@npm:2.0.0"
  dependencies:
    "@cometjs/core": "npm:^2.1.0"
    browserslist: "npm:^4.22.2"
    esbuild: "npm:^0.19.0"
    kleur: "npm:^4.1.5"
    meow: "npm:^12.0.0"
    pretty-bytes: "npm:^6.0.0"
    semver: "npm:^7.3.8"
    string-dedent: "npm:^3.0.1"
    tsconfck: "npm:^3.0.0"
    xstate: "npm:^4.35.0"
  peerDependencies:
    typescript: ^5.0.0
  peerDependenciesMeta:
    typescript:
      optional: true
  bin:
    nanobundle: bin.min.mjs
  checksum: 10c0/7cbc52bb315747e18a5d410bf40e17f0b6b5a877589477a5776872421716db21ab439030e9504a8c6b3bc94433ee55dbbb11e0e2724041430714a9710a7d5cc1
  languageName: node
  linkType: hard

"node-releases@npm:^2.0.14":
  version: 2.0.14
  resolution: "node-releases@npm:2.0.14"
  checksum: 10c0/199fc93773ae70ec9969bc6d5ac5b2bbd6eb986ed1907d751f411fef3ede0e4bfdb45ceb43711f8078bea237b6036db8b1bf208f6ff2b70c7d615afd157f3ab9
  languageName: node
  linkType: hard

"picocolors@npm:^1.0.0":
  version: 1.0.0
  resolution: "picocolors@npm:1.0.0"
  checksum: 10c0/20a5b249e331c14479d94ec6817a182fd7a5680debae82705747b2db7ec50009a5f6648d0621c561b0572703f84dbef0858abcbd5856d3c5511426afcb1961f7
  languageName: node
  linkType: hard

"pretty-bytes@npm:^6.0.0":
  version: 6.1.1
  resolution: "pretty-bytes@npm:6.1.1"
  checksum: 10c0/c7a660b933355f3b4587ad3f001c266a8dd6afd17db9f89ebc50812354bb142df4b9600396ba5999bdb1f9717300387dc311df91895c5f0f2a1780e22495b5f8
  languageName: node
  linkType: hard

"semver@npm:^7.3.8":
  version: 7.6.0
  resolution: "semver@npm:7.6.0"
  dependencies:
    lru-cache: "npm:^6.0.0"
  bin:
    semver: bin/semver.js
  checksum: 10c0/fbfe717094ace0aa8d6332d7ef5ce727259815bd8d8815700853f4faf23aacbd7192522f0dc5af6df52ef4fa85a355ebd2f5d39f554bd028200d6cf481ab9b53
  languageName: node
  linkType: hard

"string-dedent@npm:^3.0.1":
  version: 3.0.1
  resolution: "string-dedent@npm:3.0.1"
  checksum: 10c0/2c4fe9ab339c7b0ad613c8850bb139f9efb30cbc03c8214ae25453a8ebc328abb9530a718a2bf971b88749a25aef9dc9ae0463b712b7ac354b0bbd5e5986472c
  languageName: node
  linkType: hard

"tsconfck@npm:^3.0.0":
  version: 3.0.3
  resolution: "tsconfck@npm:3.0.3"
  peerDependencies:
    typescript: ^5.0.0
  peerDependenciesMeta:
    typescript:
      optional: true
  bin:
    tsconfck: bin/tsconfck.js
  checksum: 10c0/d45009230c4caa5fc765bdded96f3b8703a7cdd44a1d63024914b0fb1c4dabf9e94d28cc9f9edccaef9baa7b99adc963502d34943d82fcb07b92e1161ee03c56
  languageName: node
  linkType: hard

"tsm@npm:^2.3.0":
  version: 2.3.0
  resolution: "tsm@npm:2.3.0"
  dependencies:
    esbuild: "npm:^0.15.16"
  bin:
    tsm: bin.js
  checksum: 10c0/f099e218625730d77271be120bb7a9b30619d5b1da3df59c61c53ecd56c42b51aa4e36ade5f7d963ce588df4675c657f827eb12361967a5b5316bd889a365b40
  languageName: node
  linkType: hard

"typescript@npm:^5.4.3":
  version: 5.4.3
  resolution: "typescript@npm:5.4.3"
  bin:
    tsc: bin/tsc
    tsserver: bin/tsserver
  checksum: 10c0/22443a8760c3668e256c0b34b6b45c359ef6cecc10c42558806177a7d500ab1a7d7aac1f976d712e26989ddf6731d2fbdd3212b7c73290a45127c1c43ba2005a
  languageName: node
  linkType: hard

"typescript@patch:typescript@npm%3A^5.4.3#optional!builtin<compat/typescript>":
  version: 5.4.3
  resolution: "typescript@patch:typescript@npm%3A5.4.3#optional!builtin<compat/typescript>::version=5.4.3&hash=5adc0c"
  bin:
    tsc: bin/tsc
    tsserver: bin/tsserver
  checksum: 10c0/6e51f8b7e6ec55b897b9e56b67e864fe8f44e30f4a14357aad5dc0f7432db2f01efc0522df0b6c36d361c51f2dc3dcac5c832efd96a404cfabf884e915d38828
  languageName: node
  linkType: hard

"undici-types@npm:~5.26.4":
  version: 5.26.5
  resolution: "undici-types@npm:5.26.5"
  checksum: 10c0/bb673d7876c2d411b6eb6c560e0c571eef4a01c1c19925175d16e3a30c4c428181fb8d7ae802a261f283e4166a0ac435e2f505743aa9e45d893f9a3df017b501
  languageName: node
  linkType: hard

"update-browserslist-db@npm:^1.0.13":
  version: 1.0.13
  resolution: "update-browserslist-db@npm:1.0.13"
  dependencies:
    escalade: "npm:^3.1.1"
    picocolors: "npm:^1.0.0"
  peerDependencies:
    browserslist: ">= 4.21.0"
  bin:
    update-browserslist-db: cli.js
  checksum: 10c0/e52b8b521c78ce1e0c775f356cd16a9c22c70d25f3e01180839c407a5dc787fb05a13f67560cbaf316770d26fa99f78f1acd711b1b54a4f35d4820d4ea7136e6
  languageName: node
  linkType: hard

"xstate@npm:^4.35.0":
  version: 4.38.3
  resolution: "xstate@npm:4.38.3"
  checksum: 10c0/8a2063743517390107275113bca0e757dba99102e7d57d40cf656b5cc03a6f2c5e10fbf3752294d9d29fbe1d8757bb9a54f54c934a22f205a237956dd10dcd0f
  languageName: node
  linkType: hard

"yallist@npm:^4.0.0":
  version: 4.0.0
  resolution: "yallist@npm:4.0.0"
  checksum: 10c0/2286b5e8dbfe22204ab66e2ef5cc9bbb1e55dfc873bbe0d568aa943eb255d131890dfd5bf243637273d31119b870f49c18fcde2c6ffbb7a7a092b870dc90625a
  languageName: node
  linkType: hard
